// !$*UTF8*$!
{
	archiveVersion = 1;
	classes = {
	};
	objectVersion = 50;
	objects = {

/* Begin PBXBuildFile section */
		32389D5321B327B900AD0CAF /* AlbumImageView.swift in Sources */ = {isa = PBXBuildFile; fileRef = 32389D5221B327B900AD0CAF /* AlbumImageView.swift */; };
		323E839B21B19E0500809EA9 /* AppDelegate.swift in Sources */ = {isa = PBXBuildFile; fileRef = 323E839A21B19E0500809EA9 /* AppDelegate.swift */; };
		323E83A221B19E0600809EA9 /* Assets.xcassets in Resources */ = {isa = PBXBuildFile; fileRef = 323E83A121B19E0600809EA9 /* Assets.xcassets */; };
		323E83B021B19E0600809EA9 /* TopAlbumsTests.swift in Sources */ = {isa = PBXBuildFile; fileRef = 323E83AF21B19E0600809EA9 /* TopAlbumsTests.swift */; };
		323E83BB21B19E0600809EA9 /* TopAlbumsUITests.swift in Sources */ = {isa = PBXBuildFile; fileRef = 323E83BA21B19E0600809EA9 /* TopAlbumsUITests.swift */; };
		323E83C921B19FE300809EA9 /* LICENSE.md in Resources */ = {isa = PBXBuildFile; fileRef = 323E83C821B19FE300809EA9 /* LICENSE.md */; };
		323E83CB21B19FED00809EA9 /* README.md in Resources */ = {isa = PBXBuildFile; fileRef = 323E83CA21B19FED00809EA9 /* README.md */; };
		323E83D621B1ABB300809EA9 /* TopAlbumsViewController.swift in Sources */ = {isa = PBXBuildFile; fileRef = 323E83D521B1ABB300809EA9 /* TopAlbumsViewController.swift */; };
		323E83D821B1AC6500809EA9 /* AlbumDetailViewController.swift in Sources */ = {isa = PBXBuildFile; fileRef = 323E83D721B1AC6500809EA9 /* AlbumDetailViewController.swift */; };
		323E83DA21B1AC8400809EA9 /* Album.swift in Sources */ = {isa = PBXBuildFile; fileRef = 323E83D921B1AC8400809EA9 /* Album.swift */; };
		323E83E021B1AE0500809EA9 /* AlbumCell.swift in Sources */ = {isa = PBXBuildFile; fileRef = 323E83DF21B1AE0500809EA9 /* AlbumCell.swift */; };
		323E83E221B1AE2A00809EA9 /* ErrorAlert.swift in Sources */ = {isa = PBXBuildFile; fileRef = 323E83E121B1AE2A00809EA9 /* ErrorAlert.swift */; };
		323E83E421B1AEC000809EA9 /* AlbumDelegate.swift in Sources */ = {isa = PBXBuildFile; fileRef = 323E83E321B1AEC000809EA9 /* AlbumDelegate.swift */; };
		323E83E621B1B20000809EA9 /* AlbumService.swift in Sources */ = {isa = PBXBuildFile; fileRef = 323E83E521B1B20000809EA9 /* AlbumService.swift */; };
		323E83E821B1B21B00809EA9 /* AlbumServiceImpl.swift in Sources */ = {isa = PBXBuildFile; fileRef = 323E83E721B1B21B00809EA9 /* AlbumServiceImpl.swift */; };
		323E83EC21B1D5B300809EA9 /* ITunesRSSFeedDelegate.swift in Sources */ = {isa = PBXBuildFile; fileRef = 323E83EB21B1D5B300809EA9 /* ITunesRSSFeedDelegate.swift */; };
		323E83F221B1D5E500809EA9 /* ITunesRSSFeedHandler.swift in Sources */ = {isa = PBXBuildFile; fileRef = 323E83F121B1D5E500809EA9 /* ITunesRSSFeedHandler.swift */; };
		32A436AD21B22099003C7ABE /* AlbumConstants.swift in Sources */ = {isa = PBXBuildFile; fileRef = 32A436AC21B22099003C7ABE /* AlbumConstants.swift */; };
		32A436AF21B220A3003C7ABE /* AlbumError.swift in Sources */ = {isa = PBXBuildFile; fileRef = 32A436AE21B220A3003C7ABE /* AlbumError.swift */; };
/* End PBXBuildFile section */

/* Begin PBXContainerItemProxy section */
		323E83AC21B19E0600809EA9 /* PBXContainerItemProxy */ = {
			isa = PBXContainerItemProxy;
			containerPortal = 323E838F21B19E0500809EA9 /* Project object */;
			proxyType = 1;
			remoteGlobalIDString = 323E839621B19E0500809EA9;
			remoteInfo = TopAlbums;
		};
		323E83B721B19E0600809EA9 /* PBXContainerItemProxy */ = {
			isa = PBXContainerItemProxy;
			containerPortal = 323E838F21B19E0500809EA9 /* Project object */;
			proxyType = 1;
			remoteGlobalIDString = 323E839621B19E0500809EA9;
			remoteInfo = TopAlbums;
		};
/* End PBXContainerItemProxy section */

/* Begin PBXFileReference section */
		32389D5221B327B900AD0CAF /* AlbumImageView.swift */ = {isa = PBXFileReference; lastKnownFileType = sourcecode.swift; path = AlbumImageView.swift; sourceTree = "<group>"; };
		323E839721B19E0500809EA9 /* TopAlbums.app */ = {isa = PBXFileReference; explicitFileType = wrapper.application; includeInIndex = 0; path = TopAlbums.app; sourceTree = BUILT_PRODUCTS_DIR; };
		323E839A21B19E0500809EA9 /* AppDelegate.swift */ = {isa = PBXFileReference; lastKnownFileType = sourcecode.swift; path = AppDelegate.swift; sourceTree = "<group>"; };
		323E83A121B19E0600809EA9 /* Assets.xcassets */ = {isa = PBXFileReference; lastKnownFileType = folder.assetcatalog; path = Assets.xcassets; sourceTree = "<group>"; };
		323E83A621B19E0600809EA9 /* Info.plist */ = {isa = PBXFileReference; lastKnownFileType = text.plist.xml; path = Info.plist; sourceTree = "<group>"; };
		323E83AB21B19E0600809EA9 /* TopAlbumsTests.xctest */ = {isa = PBXFileReference; explicitFileType = wrapper.cfbundle; includeInIndex = 0; path = TopAlbumsTests.xctest; sourceTree = BUILT_PRODUCTS_DIR; };
		323E83AF21B19E0600809EA9 /* TopAlbumsTests.swift */ = {isa = PBXFileReference; lastKnownFileType = sourcecode.swift; path = TopAlbumsTests.swift; sourceTree = "<group>"; };
		323E83B121B19E0600809EA9 /* Info.plist */ = {isa = PBXFileReference; lastKnownFileType = text.plist.xml; path = Info.plist; sourceTree = "<group>"; };
		323E83B621B19E0600809EA9 /* TopAlbumsUITests.xctest */ = {isa = PBXFileReference; explicitFileType = wrapper.cfbundle; includeInIndex = 0; path = TopAlbumsUITests.xctest; sourceTree = BUILT_PRODUCTS_DIR; };
		323E83BA21B19E0600809EA9 /* TopAlbumsUITests.swift */ = {isa = PBXFileReference; lastKnownFileType = sourcecode.swift; path = TopAlbumsUITests.swift; sourceTree = "<group>"; };
		323E83BC21B19E0600809EA9 /* Info.plist */ = {isa = PBXFileReference; lastKnownFileType = text.plist.xml; path = Info.plist; sourceTree = "<group>"; };
		323E83C821B19FE300809EA9 /* LICENSE.md */ = {isa = PBXFileReference; fileEncoding = 4; lastKnownFileType = net.daringfireball.markdown; path = LICENSE.md; sourceTree = "<group>"; };
		323E83CA21B19FED00809EA9 /* README.md */ = {isa = PBXFileReference; fileEncoding = 4; lastKnownFileType = net.daringfireball.markdown; path = README.md; sourceTree = "<group>"; };
		323E83D521B1ABB300809EA9 /* TopAlbumsViewController.swift */ = {isa = PBXFileReference; lastKnownFileType = sourcecode.swift; path = TopAlbumsViewController.swift; sourceTree = "<group>"; };
		323E83D721B1AC6500809EA9 /* AlbumDetailViewController.swift */ = {isa = PBXFileReference; lastKnownFileType = sourcecode.swift; path = AlbumDetailViewController.swift; sourceTree = "<group>"; };
		323E83D921B1AC8400809EA9 /* Album.swift */ = {isa = PBXFileReference; lastKnownFileType = sourcecode.swift; path = Album.swift; sourceTree = "<group>"; };
		323E83DF21B1AE0500809EA9 /* AlbumCell.swift */ = {isa = PBXFileReference; lastKnownFileType = sourcecode.swift; path = AlbumCell.swift; sourceTree = "<group>"; };
		323E83E121B1AE2A00809EA9 /* ErrorAlert.swift */ = {isa = PBXFileReference; lastKnownFileType = sourcecode.swift; path = ErrorAlert.swift; sourceTree = "<group>"; };
		323E83E321B1AEC000809EA9 /* AlbumDelegate.swift */ = {isa = PBXFileReference; lastKnownFileType = sourcecode.swift; path = AlbumDelegate.swift; sourceTree = "<group>"; };
		323E83E521B1B20000809EA9 /* AlbumService.swift */ = {isa = PBXFileReference; lastKnownFileType = sourcecode.swift; path = AlbumService.swift; sourceTree = "<group>"; };
		323E83E721B1B21B00809EA9 /* AlbumServiceImpl.swift */ = {isa = PBXFileReference; lastKnownFileType = sourcecode.swift; path = AlbumServiceImpl.swift; sourceTree = "<group>"; };
		323E83EB21B1D5B300809EA9 /* ITunesRSSFeedDelegate.swift */ = {isa = PBXFileReference; lastKnownFileType = sourcecode.swift; path = ITunesRSSFeedDelegate.swift; sourceTree = "<group>"; };
		323E83F121B1D5E500809EA9 /* ITunesRSSFeedHandler.swift */ = {isa = PBXFileReference; lastKnownFileType = sourcecode.swift; path = ITunesRSSFeedHandler.swift; sourceTree = "<group>"; };
		32A436AC21B22099003C7ABE /* AlbumConstants.swift */ = {isa = PBXFileReference; lastKnownFileType = sourcecode.swift; path = AlbumConstants.swift; sourceTree = "<group>"; };
		32A436AE21B220A3003C7ABE /* AlbumError.swift */ = {isa = PBXFileReference; lastKnownFileType = sourcecode.swift; path = AlbumError.swift; sourceTree = "<group>"; };
/* End PBXFileReference section */

/* Begin PBXFrameworksBuildPhase section */
		323E839421B19E0500809EA9 /* Frameworks */ = {
			isa = PBXFrameworksBuildPhase;
			buildActionMask = 2147483647;
			files = (
			);
			runOnlyForDeploymentPostprocessing = 0;
		};
		323E83A821B19E0600809EA9 /* Frameworks */ = {
			isa = PBXFrameworksBuildPhase;
			buildActionMask = 2147483647;
			files = (
			);
			runOnlyForDeploymentPostprocessing = 0;
		};
		323E83B321B19E0600809EA9 /* Frameworks */ = {
			isa = PBXFrameworksBuildPhase;
			buildActionMask = 2147483647;
			files = (
			);
			runOnlyForDeploymentPostprocessing = 0;
		};
/* End PBXFrameworksBuildPhase section */

/* Begin PBXGroup section */
		323E838E21B19E0500809EA9 = {
			isa = PBXGroup;
			children = (
				323E83C821B19FE300809EA9 /* LICENSE.md */,
				323E83CA21B19FED00809EA9 /* README.md */,
				323E839921B19E0500809EA9 /* TopAlbums */,
				323E83AE21B19E0600809EA9 /* TopAlbumsTests */,
				323E83B921B19E0600809EA9 /* TopAlbumsUITests */,
				323E839821B19E0500809EA9 /* Products */,
			);
			sourceTree = "<group>";
		};
		323E839821B19E0500809EA9 /* Products */ = {
			isa = PBXGroup;
			children = (
				323E839721B19E0500809EA9 /* TopAlbums.app */,
				323E83AB21B19E0600809EA9 /* TopAlbumsTests.xctest */,
				323E83B621B19E0600809EA9 /* TopAlbumsUITests.xctest */,
			);
			name = Products;
			sourceTree = "<group>";
		};
		323E839921B19E0500809EA9 /* TopAlbums */ = {
			isa = PBXGroup;
			children = (
				323E83D221B1A04300809EA9 /* Controllers */,
				323E83D121B1A03E00809EA9 /* Delegate */,
				323E83D021B1A03800809EA9 /* Model */,
				323E83CF21B1A03200809EA9 /* Service */,
				323E83CE21B1A02C00809EA9 /* ServiceImpl */,
				323E83CD21B1A02600809EA9 /* Util */,
				323E83CC21B1A00100809EA9 /* Resources */,
			);
			path = TopAlbums;
			sourceTree = "<group>";
		};
		323E83AE21B19E0600809EA9 /* TopAlbumsTests */ = {
			isa = PBXGroup;
			children = (
				323E83AF21B19E0600809EA9 /* TopAlbumsTests.swift */,
				323E83B121B19E0600809EA9 /* Info.plist */,
			);
			path = TopAlbumsTests;
			sourceTree = "<group>";
		};
		323E83B921B19E0600809EA9 /* TopAlbumsUITests */ = {
			isa = PBXGroup;
			children = (
				323E83BA21B19E0600809EA9 /* TopAlbumsUITests.swift */,
				323E83BC21B19E0600809EA9 /* Info.plist */,
			);
			path = TopAlbumsUITests;
			sourceTree = "<group>";
		};
		323E83CC21B1A00100809EA9 /* Resources */ = {
			isa = PBXGroup;
			children = (
				323E839A21B19E0500809EA9 /* AppDelegate.swift */,
				323E83DF21B1AE0500809EA9 /* AlbumCell.swift */,
				32389D5221B327B900AD0CAF /* AlbumImageView.swift */,
				323E83E121B1AE2A00809EA9 /* ErrorAlert.swift */,
				323E83A121B19E0600809EA9 /* Assets.xcassets */,
				323E83A621B19E0600809EA9 /* Info.plist */,
			);
			path = Resources;
			sourceTree = "<group>";
		};
		323E83CD21B1A02600809EA9 /* Util */ = {
			isa = PBXGroup;
			children = (
				323E83EB21B1D5B300809EA9 /* ITunesRSSFeedDelegate.swift */,
				323E83F121B1D5E500809EA9 /* ITunesRSSFeedHandler.swift */,
				32A436AC21B22099003C7ABE /* AlbumConstants.swift */,
				32A436AE21B220A3003C7ABE /* AlbumError.swift */,
			);
			path = Util;
			sourceTree = "<group>";
		};
		323E83CE21B1A02C00809EA9 /* ServiceImpl */ = {
			isa = PBXGroup;
			children = (
				323E83E721B1B21B00809EA9 /* AlbumServiceImpl.swift */,
			);
			path = ServiceImpl;
			sourceTree = "<group>";
		};
		323E83CF21B1A03200809EA9 /* Service */ = {
			isa = PBXGroup;
			children = (
				323E83E521B1B20000809EA9 /* AlbumService.swift */,
			);
			path = Service;
			sourceTree = "<group>";
		};
		323E83D021B1A03800809EA9 /* Model */ = {
			isa = PBXGroup;
			children = (
				323E83D921B1AC8400809EA9 /* Album.swift */,
			);
			path = Model;
			sourceTree = "<group>";
		};
		323E83D121B1A03E00809EA9 /* Delegate */ = {
			isa = PBXGroup;
			children = (
				323E83E321B1AEC000809EA9 /* AlbumDelegate.swift */,
			);
			path = Delegate;
			sourceTree = "<group>";
		};
		323E83D221B1A04300809EA9 /* Controllers */ = {
			isa = PBXGroup;
			children = (
				323E83D521B1ABB300809EA9 /* TopAlbumsViewController.swift */,
				323E83D721B1AC6500809EA9 /* AlbumDetailViewController.swift */,
			);
			path = Controllers;
			sourceTree = "<group>";
		};
/* End PBXGroup section */

/* Begin PBXNativeTarget section */
		323E839621B19E0500809EA9 /* TopAlbums */ = {
			isa = PBXNativeTarget;
			buildConfigurationList = 323E83BF21B19E0600809EA9 /* Build configuration list for PBXNativeTarget "TopAlbums" */;
			buildPhases = (
				323E839321B19E0500809EA9 /* Sources */,
				323E839421B19E0500809EA9 /* Frameworks */,
				323E839521B19E0500809EA9 /* Resources */,
			);
			buildRules = (
			);
			dependencies = (
			);
			name = TopAlbums;
			productName = TopAlbums;
			productReference = 323E839721B19E0500809EA9 /* TopAlbums.app */;
			productType = "com.apple.product-type.application";
		};
		323E83AA21B19E0600809EA9 /* TopAlbumsTests */ = {
			isa = PBXNativeTarget;
			buildConfigurationList = 323E83C221B19E0600809EA9 /* Build configuration list for PBXNativeTarget "TopAlbumsTests" */;
			buildPhases = (
				323E83A721B19E0600809EA9 /* Sources */,
				323E83A821B19E0600809EA9 /* Frameworks */,
				323E83A921B19E0600809EA9 /* Resources */,
			);
			buildRules = (
			);
			dependencies = (
				323E83AD21B19E0600809EA9 /* PBXTargetDependency */,
			);
			name = TopAlbumsTests;
			productName = TopAlbumsTests;
			productReference = 323E83AB21B19E0600809EA9 /* TopAlbumsTests.xctest */;
			productType = "com.apple.product-type.bundle.unit-test";
		};
		323E83B521B19E0600809EA9 /* TopAlbumsUITests */ = {
			isa = PBXNativeTarget;
			buildConfigurationList = 323E83C521B19E0600809EA9 /* Build configuration list for PBXNativeTarget "TopAlbumsUITests" */;
			buildPhases = (
				323E83B221B19E0600809EA9 /* Sources */,
				323E83B321B19E0600809EA9 /* Frameworks */,
				323E83B421B19E0600809EA9 /* Resources */,
			);
			buildRules = (
			);
			dependencies = (
				323E83B821B19E0600809EA9 /* PBXTargetDependency */,
			);
			name = TopAlbumsUITests;
			productName = TopAlbumsUITests;
			productReference = 323E83B621B19E0600809EA9 /* TopAlbumsUITests.xctest */;
			productType = "com.apple.product-type.bundle.ui-testing";
		};
/* End PBXNativeTarget section */

/* Begin PBXProject section */
		323E838F21B19E0500809EA9 /* Project object */ = {
			isa = PBXProject;
			attributes = {
				LastSwiftUpdateCheck = 1010;
				LastUpgradeCheck = 1010;
				ORGANIZATIONNAME = "Ross Maniaci";
				TargetAttributes = {
					323E839621B19E0500809EA9 = {
						CreatedOnToolsVersion = 10.1;
					};
					323E83AA21B19E0600809EA9 = {
						CreatedOnToolsVersion = 10.1;
						TestTargetID = 323E839621B19E0500809EA9;
					};
					323E83B521B19E0600809EA9 = {
						CreatedOnToolsVersion = 10.1;
						TestTargetID = 323E839621B19E0500809EA9;
					};
				};
			};
			buildConfigurationList = 323E839221B19E0500809EA9 /* Build configuration list for PBXProject "TopAlbums" */;
			compatibilityVersion = "Xcode 9.3";
			developmentRegion = en;
			hasScannedForEncodings = 0;
			knownRegions = (
				en,
				Base,
			);
			mainGroup = 323E838E21B19E0500809EA9;
			productRefGroup = 323E839821B19E0500809EA9 /* Products */;
			projectDirPath = "";
			projectRoot = "";
			targets = (
				323E839621B19E0500809EA9 /* TopAlbums */,
				323E83AA21B19E0600809EA9 /* TopAlbumsTests */,
				323E83B521B19E0600809EA9 /* TopAlbumsUITests */,
			);
		};
/* End PBXProject section */

/* Begin PBXResourcesBuildPhase section */
		323E839521B19E0500809EA9 /* Resources */ = {
			isa = PBXResourcesBuildPhase;
			buildActionMask = 2147483647;
			files = (
				323E83CB21B19FED00809EA9 /* README.md in Resources */,
				323E83C921B19FE300809EA9 /* LICENSE.md in Resources */,
				323E83A221B19E0600809EA9 /* Assets.xcassets in Resources */,
			);
			runOnlyForDeploymentPostprocessing = 0;
		};
		323E83A921B19E0600809EA9 /* Resources */ = {
			isa = PBXResourcesBuildPhase;
			buildActionMask = 2147483647;
			files = (
			);
			runOnlyForDeploymentPostprocessing = 0;
		};
		323E83B421B19E0600809EA9 /* Resources */ = {
			isa = PBXResourcesBuildPhase;
			buildActionMask = 2147483647;
			files = (
			);
			runOnlyForDeploymentPostprocessing = 0;
		};
/* End PBXResourcesBuildPhase section */

/* Begin PBXSourcesBuildPhase section */
		323E839321B19E0500809EA9 /* Sources */ = {
			isa = PBXSourcesBuildPhase;
			buildActionMask = 2147483647;
			files = (
				32A436AF21B220A3003C7ABE /* AlbumError.swift in Sources */,
				323E83D621B1ABB300809EA9 /* TopAlbumsViewController.swift in Sources */,
				32A436AD21B22099003C7ABE /* AlbumConstants.swift in Sources */,
				323E83E821B1B21B00809EA9 /* AlbumServiceImpl.swift in Sources */,
				32389D5321B327B900AD0CAF /* AlbumImageView.swift in Sources */,
				323E839B21B19E0500809EA9 /* AppDelegate.swift in Sources */,
				323E83E421B1AEC000809EA9 /* AlbumDelegate.swift in Sources */,
				323E83E621B1B20000809EA9 /* AlbumService.swift in Sources */,
				323E83EC21B1D5B300809EA9 /* ITunesRSSFeedDelegate.swift in Sources */,
				323E83E021B1AE0500809EA9 /* AlbumCell.swift in Sources */,
				323E83F221B1D5E500809EA9 /* ITunesRSSFeedHandler.swift in Sources */,
				323E83D821B1AC6500809EA9 /* AlbumDetailViewController.swift in Sources */,
				323E83E221B1AE2A00809EA9 /* ErrorAlert.swift in Sources */,
				323E83DA21B1AC8400809EA9 /* Album.swift in Sources */,
			);
			runOnlyForDeploymentPostprocessing = 0;
		};
		323E83A721B19E0600809EA9 /* Sources */ = {
			isa = PBXSourcesBuildPhase;
			buildActionMask = 2147483647;
			files = (
				323E83B021B19E0600809EA9 /* TopAlbumsTests.swift in Sources */,
			);
			runOnlyForDeploymentPostprocessing = 0;
		};
		323E83B221B19E0600809EA9 /* Sources */ = {
			isa = PBXSourcesBuildPhase;
			buildActionMask = 2147483647;
			files = (
				323E83BB21B19E0600809EA9 /* TopAlbumsUITests.swift in Sources */,
			);
			runOnlyForDeploymentPostprocessing = 0;
		};
/* End PBXSourcesBuildPhase section */

/* Begin PBXTargetDependency section */
		323E83AD21B19E0600809EA9 /* PBXTargetDependency */ = {
			isa = PBXTargetDependency;
			target = 323E839621B19E0500809EA9 /* TopAlbums */;
			targetProxy = 323E83AC21B19E0600809EA9 /* PBXContainerItemProxy */;
		};
		323E83B821B19E0600809EA9 /* PBXTargetDependency */ = {
			isa = PBXTargetDependency;
			target = 323E839621B19E0500809EA9 /* TopAlbums */;
			targetProxy = 323E83B721B19E0600809EA9 /* PBXContainerItemProxy */;
		};
/* End PBXTargetDependency section */

/* Begin XCBuildConfiguration section */
		323E83BD21B19E0600809EA9 /* Debug */ = {
			isa = XCBuildConfiguration;
			buildSettings = {
				ALWAYS_SEARCH_USER_PATHS = NO;
				CLANG_ANALYZER_NONNULL = YES;
				CLANG_ANALYZER_NUMBER_OBJECT_CONVERSION = YES_AGGRESSIVE;
				CLANG_CXX_LANGUAGE_STANDARD = "gnu++14";
				CLANG_CXX_LIBRARY = "libc++";
				CLANG_ENABLE_MODULES = YES;
				CLANG_ENABLE_OBJC_ARC = YES;
				CLANG_ENABLE_OBJC_WEAK = YES;
				CLANG_WARN_BLOCK_CAPTURE_AUTORELEASING = YES;
				CLANG_WARN_BOOL_CONVERSION = YES;
				CLANG_WARN_COMMA = YES;
				CLANG_WARN_CONSTANT_CONVERSION = YES;
				CLANG_WARN_DEPRECATED_OBJC_IMPLEMENTATIONS = YES;
				CLANG_WARN_DIRECT_OBJC_ISA_USAGE = YES_ERROR;
				CLANG_WARN_DOCUMENTATION_COMMENTS = YES;
				CLANG_WARN_EMPTY_BODY = YES;
				CLANG_WARN_ENUM_CONVERSION = YES;
				CLANG_WARN_INFINITE_RECURSION = YES;
				CLANG_WARN_INT_CONVERSION = YES;
				CLANG_WARN_NON_LITERAL_NULL_CONVERSION = YES;
				CLANG_WARN_OBJC_IMPLICIT_RETAIN_SELF = YES;
				CLANG_WARN_OBJC_LITERAL_CONVERSION = YES;
				CLANG_WARN_OBJC_ROOT_CLASS = YES_ERROR;
				CLANG_WARN_RANGE_LOOP_ANALYSIS = YES;
				CLANG_WARN_STRICT_PROTOTYPES = YES;
				CLANG_WARN_SUSPICIOUS_MOVE = YES;
				CLANG_WARN_UNGUARDED_AVAILABILITY = YES_AGGRESSIVE;
				CLANG_WARN_UNREACHABLE_CODE = YES;
				CLANG_WARN__DUPLICATE_METHOD_MATCH = YES;
				CODE_SIGN_IDENTITY = "iPhone Developer";
				COPY_PHASE_STRIP = NO;
				DEBUG_INFORMATION_FORMAT = dwarf;
				ENABLE_STRICT_OBJC_MSGSEND = YES;
				ENABLE_TESTABILITY = YES;
				GCC_C_LANGUAGE_STANDARD = gnu11;
				GCC_DYNAMIC_NO_PIC = NO;
				GCC_NO_COMMON_BLOCKS = YES;
				GCC_OPTIMIZATION_LEVEL = 0;
				GCC_PREPROCESSOR_DEFINITIONS = (
					"DEBUG=1",
					"$(inherited)",
				);
				GCC_WARN_64_TO_32_BIT_CONVERSION = YES;
				GCC_WARN_ABOUT_RETURN_TYPE = YES_ERROR;
				GCC_WARN_UNDECLARED_SELECTOR = YES;
				GCC_WARN_UNINITIALIZED_AUTOS = YES_AGGRESSIVE;
				GCC_WARN_UNUSED_FUNCTION = YES;
				GCC_WARN_UNUSED_VARIABLE = YES;
				IPHONEOS_DEPLOYMENT_TARGET = 12.1;
				MTL_ENABLE_DEBUG_INFO = INCLUDE_SOURCE;
				MTL_FAST_MATH = YES;
				ONLY_ACTIVE_ARCH = YES;
				SDKROOT = iphoneos;
				SWIFT_ACTIVE_COMPILATION_CONDITIONS = DEBUG;
				SWIFT_OPTIMIZATION_LEVEL = "-Onone";
			};
			name = Debug;
		};
		323E83BE21B19E0600809EA9 /* Release */ = {
			isa = XCBuildConfiguration;
			buildSettings = {
				ALWAYS_SEARCH_USER_PATHS = NO;
				CLANG_ANALYZER_NONNULL = YES;
				CLANG_ANALYZER_NUMBER_OBJECT_CONVERSION = YES_AGGRESSIVE;
				CLANG_CXX_LANGUAGE_STANDARD = "gnu++14";
				CLANG_CXX_LIBRARY = "libc++";
				CLANG_ENABLE_MODULES = YES;
				CLANG_ENABLE_OBJC_ARC = YES;
				CLANG_ENABLE_OBJC_WEAK = YES;
				CLANG_WARN_BLOCK_CAPTURE_AUTORELEASING = YES;
				CLANG_WARN_BOOL_CONVERSION = YES;
				CLANG_WARN_COMMA = YES;
				CLANG_WARN_CONSTANT_CONVERSION = YES;
				CLANG_WARN_DEPRECATED_OBJC_IMPLEMENTATIONS = YES;
				CLANG_WARN_DIRECT_OBJC_ISA_USAGE = YES_ERROR;
				CLANG_WARN_DOCUMENTATION_COMMENTS = YES;
				CLANG_WARN_EMPTY_BODY = YES;
				CLANG_WARN_ENUM_CONVERSION = YES;
				CLANG_WARN_INFINITE_RECURSION = YES;
				CLANG_WARN_INT_CONVERSION = YES;
				CLANG_WARN_NON_LITERAL_NULL_CONVERSION = YES;
				CLANG_WARN_OBJC_IMPLICIT_RETAIN_SELF = YES;
				CLANG_WARN_OBJC_LITERAL_CONVERSION = YES;
				CLANG_WARN_OBJC_ROOT_CLASS = YES_ERROR;
				CLANG_WARN_RANGE_LOOP_ANALYSIS = YES;
				CLANG_WARN_STRICT_PROTOTYPES = YES;
				CLANG_WARN_SUSPICIOUS_MOVE = YES;
				CLANG_WARN_UNGUARDED_AVAILABILITY = YES_AGGRESSIVE;
				CLANG_WARN_UNREACHABLE_CODE = YES;
				CLANG_WARN__DUPLICATE_METHOD_MATCH = YES;
				CODE_SIGN_IDENTITY = "iPhone Developer";
				COPY_PHASE_STRIP = NO;
				DEBUG_INFORMATION_FORMAT = "dwarf-with-dsym";
				ENABLE_NS_ASSERTIONS = NO;
				ENABLE_STRICT_OBJC_MSGSEND = YES;
				GCC_C_LANGUAGE_STANDARD = gnu11;
				GCC_NO_COMMON_BLOCKS = YES;
				GCC_WARN_64_TO_32_BIT_CONVERSION = YES;
				GCC_WARN_ABOUT_RETURN_TYPE = YES_ERROR;
				GCC_WARN_UNDECLARED_SELECTOR = YES;
				GCC_WARN_UNINITIALIZED_AUTOS = YES_AGGRESSIVE;
				GCC_WARN_UNUSED_FUNCTION = YES;
				GCC_WARN_UNUSED_VARIABLE = YES;
				IPHONEOS_DEPLOYMENT_TARGET = 12.1;
				MTL_ENABLE_DEBUG_INFO = NO;
				MTL_FAST_MATH = YES;
				SDKROOT = iphoneos;
				SWIFT_COMPILATION_MODE = wholemodule;
				SWIFT_OPTIMIZATION_LEVEL = "-O";
				VALIDATE_PRODUCT = YES;
			};
			name = Release;
		};
		323E83C021B19E0600809EA9 /* Debug */ = {
			isa = XCBuildConfiguration;
			buildSettings = {
				ASSETCATALOG_COMPILER_APPICON_NAME = AppIcon;
				ASSETCATALOG_COMPILER_LAUNCHIMAGE_NAME = LaunchImage;
				CODE_SIGN_STYLE = Automatic;
				DEVELOPMENT_TEAM = 97ASU33JJP;
				INFOPLIST_FILE = TopAlbums/Resources/Info.plist;
				LD_RUNPATH_SEARCH_PATHS = (
					"$(inherited)",
					"@executable_path/Frameworks",
				);
				PRODUCT_BUNDLE_IDENTIFIER = com.rossmaniaci.TopAlbums;
				PRODUCT_NAME = "$(TARGET_NAME)";
				SWIFT_VERSION = 4.2;
				TARGETED_DEVICE_FAMILY = 1;
			};
			name = Debug;
		};
		323E83C121B19E0600809EA9 /* Release */ = {
			isa = XCBuildConfiguration;
			buildSettings = {
				ASSETCATALOG_COMPILER_APPICON_NAME = AppIcon;
				ASSETCATALOG_COMPILER_LAUNCHIMAGE_NAME = LaunchImage;
				CODE_SIGN_STYLE = Automatic;
				DEVELOPMENT_TEAM = 97ASU33JJP;
				INFOPLIST_FILE = TopAlbums/Resources/Info.plist;
				LD_RUNPATH_SEARCH_PATHS = (
					"$(inherited)",
					"@executable_path/Frameworks",
				);
				PRODUCT_BUNDLE_IDENTIFIER = com.rossmaniaci.TopAlbums;
				PRODUCT_NAME = "$(TARGET_NAME)";
				SWIFT_VERSION = 4.2;
				TARGETED_DEVICE_FAMILY = 1;
			};
			name = Release;
		};
		323E83C321B19E0600809EA9 /* Debug */ = {
			isa = XCBuildConfiguration;
			buildSettings = {
				ALWAYS_EMBED_SWIFT_STANDARD_LIBRARIES = YES;
				BUNDLE_LOADER = "$(TEST_HOST)";
				CODE_SIGN_STYLE = Automatic;
				DEVELOPMENT_TEAM = 97ASU33JJP;
				INFOPLIST_FILE = TopAlbumsTests/Info.plist;
				LD_RUNPATH_SEARCH_PATHS = (
					"$(inherited)",
					"@executable_path/Frameworks",
					"@loader_path/Frameworks",
				);
				PRODUCT_BUNDLE_IDENTIFIER = com.rossmaniaci.TopAlbumsTests;
				PRODUCT_NAME = "$(TARGET_NAME)";
				SWIFT_VERSION = 4.2;
				TARGETED_DEVICE_FAMILY = "1,2";
				TEST_HOST = "$(BUILT_PRODUCTS_DIR)/TopAlbums.app/TopAlbums";
			};
			name = Debug;
		};
		323E83C421B19E0600809EA9 /* Release */ = {
			isa = XCBuildConfiguration;
			buildSettings = {
				ALWAYS_EMBED_SWIFT_STANDARD_LIBRARIES = YES;
				BUNDLE_LOADER = "$(TEST_HOST)";
				CODE_SIGN_STYLE = Automatic;
				DEVELOPMENT_TEAM = 97ASU33JJP;
				INFOPLIST_FILE = TopAlbumsTests/Info.plist;
				LD_RUNPATH_SEARCH_PATHS = (
					"$(inherited)",
					"@executable_path/Frameworks",
					"@loader_path/Frameworks",
				);
				PRODUCT_BUNDLE_IDENTIFIER = com.rossmaniaci.TopAlbumsTests;
				PRODUCT_NAME = "$(TARGET_NAME)";
				SWIFT_VERSION = 4.2;
				TARGETED_DEVICE_FAMILY = "1,2";
				TEST_HOST = "$(BUILT_PRODUCTS_DIR)/TopAlbums.app/TopAlbums";
			};
			name = Release;
		};
		323E83C621B19E0600809EA9 /* Debug */ = {
			isa = XCBuildConfiguration;
			buildSettings = {
				ALWAYS_EMBED_SWIFT_STANDARD_LIBRARIES = YES;
				CODE_SIGN_STYLE = Automatic;
				DEVELOPMENT_TEAM = 97ASU33JJP;
				INFOPLIST_FILE = TopAlbumsUITests/Info.plist;
				LD_RUNPATH_SEARCH_PATHS = (
					"$(inherited)",
					"@executable_path/Frameworks",
					"@loader_path/Frameworks",
				);
				PRODUCT_BUNDLE_IDENTIFIER = com.rossmaniaci.TopAlbumsUITests;
				PRODUCT_NAME = "$(TARGET_NAME)";
				SWIFT_VERSION = 4.2;
				TARGETED_DEVICE_FAMILY = "1,2";
				TEST_TARGET_NAME = TopAlbums;
			};
			name = Debug;
		};
		323E83C721B19E0600809EA9 /* Release */ = {
			isa = XCBuildConfiguration;
			buildSettings = {
				ALWAYS_EMBED_SWIFT_STANDARD_LIBRARIES = YES;
				CODE_SIGN_STYLE = Automatic;
				DEVELOPMENT_TEAM = 97ASU33JJP;
				INFOPLIST_FILE = TopAlbumsUITests/Info.plist;
				LD_RUNPATH_SEARCH_PATHS = (
					"$(inherited)",
					"@executable_path/Frameworks",
					"@loader_path/Frameworks",
				);
				PRODUCT_BUNDLE_IDENTIFIER = com.rossmaniaci.TopAlbumsUITests;
				PRODUCT_NAME = "$(TARGET_NAME)";
				SWIFT_VERSION = 4.2;
				TARGETED_DEVICE_FAMILY = "1,2";
				TEST_TARGET_NAME = TopAlbums;
			};
			name = Release;
		};
/* End XCBuildConfiguration section */

/* Begin XCConfigurationList section */
		323E839221B19E0500809EA9 /* Build configuration list for PBXProject "TopAlbums" */ = {
			isa = XCConfigurationList;
			buildConfigurations = (
				323E83BD21B19E0600809EA9 /* Debug */,
				323E83BE21B19E0600809EA9 /* Release */,
			);
			defaultConfigurationIsVisible = 0;
			defaultConfigurationName = Release;
		};
		323E83BF21B19E0600809EA9 /* Build configuration list for PBXNativeTarget "TopAlbums" */ = {
			isa = XCConfigurationList;
			buildConfigurations = (
				323E83C021B19E0600809EA9 /* Debug */,
				323E83C121B19E0600809EA9 /* Release */,
			);
			defaultConfigurationIsVisible = 0;
			defaultConfigurationName = Release;
		};
		323E83C221B19E0600809EA9 /* Build configuration list for PBXNativeTarget "TopAlbumsTests" */ = {
			isa = XCConfigurationList;
			buildConfigurations = (
				323E83C321B19E0600809EA9 /* Debug */,
				323E83C421B19E0600809EA9 /* Release */,
			);
			defaultConfigurationIsVisible = 0;
			defaultConfigurationName = Release;
		};
		323E83C521B19E0600809EA9 /* Build configuration list for PBXNativeTarget "TopAlbumsUITests" */ = {
			isa = XCConfigurationList;
			buildConfigurations = (
				323E83C621B19E0600809EA9 /* Debug */,
				323E83C721B19E0600809EA9 /* Release */,
			);
			defaultConfigurationIsVisible = 0;
			defaultConfigurationName = Release;
		};
/* End XCConfigurationList section */
	};
	rootObject = 323E838F21B19E0500809EA9 /* Project object */;
}
